github.com/cryptix/wav v0.0.0-20170107200722-844d399d120c/go.mod h1:knK8fd+KPlGGqSUWogv1DQzGTwnfUvAi0cIoWyOG7+U=
github.com/gordonklaus/portaudio v0.0.0-20161116190128-2a038c93424f h1:vKUsD8WG4rtwHeuDcR3R4MRXqm3LeDDBkardm1X32WY=
github.com/gordonklaus/portaudio v0.0.0-20161116190128-2a038c93424f/go.mod h1:HfYnZi/ARQKG0dwH5HNDmPCHdLiFiBf+SI7DbhW7et4=
github.com/inconshreveable/mousetrap v1.0.0/go.mod h1:PxqpIevigyE2G7u3NXJIT2ANytuPF1OarO4DADm73n8=
github.com/spf13/cobra v0.0.0-20170228191748-fcd0c5a1df88 h1:gtQhsEOuPoLkS8vHv0VGgyonGFFj7vqDH9plPHSdulg=
github.com/spf13/cobra v0.0.0-20170228191748-fcd0c5a1df88/go.mod h1:1l0Ry5zgKvJasoi3XT1TypsSe7PqH0Sj9dhYf7v3XqQ=
github.com/spf13/pflag v0.0.0-20170418052314-2300d0f8576f h1:QS35mw870bEYYX7eHbXxtmmc/CN5ItrT7jnK7iRelGM=
github.com/spf13/pflag v0.0.0-20170418052314-2300d0f8576f/go.mod h1:DYY7MBk1bdzusC3SYhjObp+wFpr4gzcvqqNjLnInEg4=
